Microsoft Visual Studio Solution File, Format Version 12.00
# Visual Studio Version 16
VisualStudioVersion = 16.0.30114.105
MinimumVisualStudioVersion = 10.0.40219.1
Project("{2150E333-8FDC-42A3-9474-1A3956D46DE8}") = "src", "src", "{9993D698-50CA-4712-BF9A-82A508396794}"
EndProject
Project("{FAE04EC0-301F-11D3-BF4B-00C04F79EFBC}") = "Taqsim.Identity", "src\Taqsim.Identity\Taqsim.Identity.csproj", "{1253F787-890B-48E1-A56E-243CCCDDD765}"
EndProject
Project("{FAE04EC0-301F-11D3-BF4B-00C04F79EFBC}") = "Taqsim.Services.Scoring", "src\Taqsim.Services.Scoring\Taqsim.Services.Scoring.csproj", "{A5B4B57E-4650-4A98-9E6D-A7C4E6BFF2DD}"
EndProject
Project("{FAE04EC0-301F-11D3-BF4B-00C04F79EFBC}") = "Taqsim.Services.Messaging", "src\Taqsim.Services.Messaging\Taqsim.Services.Messaging.csproj", "{5F379971-4AA3-46BA-A9DD-509BBF4B7A25}"
EndProject
Project("{FAE04EC0-301F-11D3-BF4B-00C04F79EFBC}") = "Taqsim.Services.Organizations", "src\Taqsim.Services.Organizations\Taqsim.Services.Organizations.csproj", "{A2DE8047-2E5E-45DF-B0A6-8EF15BEADEAF}"
EndProject
Project("{FAE04EC0-301F-11D3-BF4B-00C04F79EFBC}") = "Taqsim.Shared.Clients.Katm", "src\Taqsim.Shared.Clients.Katm\Taqsim.Shared.Clients.Katm.csproj", "{828B5D28-63D1-4B37-98F4-C4F744E4B1B5}"
EndProject
Project("{FAE04EC0-301F-11D3-BF4B-00C04F79EFBC}") = "Taqsim.Shared.Clients.Royxat", "src\Taqsim.Shared.Clients.Royxat\Taqsim.Shared.Clients.Royxat.csproj", "{63D5AC94-D7C6-4370-B6F7-5BFB00D2F5A9}"
EndProject
Project("{FAE04EC0-301F-11D3-BF4B-00C04F79EFBC}") = "Taqsim.Shared.Clients.Playmobile", "src\Taqsim.Shared.Clients.Playmobile\Taqsim.Shared.Clients.Playmobile.csproj", "{CE08871A-6EEB-4275-9460-FC32A2A18B01}"
EndProject
Project("{FAE04EC0-301F-11D3-BF4B-00C04F79EFBC}") = "Taqsim.Shared.Clients.MyUzcard", "src\Taqsim.Shared.Clients.MyUzcard\Taqsim.Shared.Clients.MyUzcard.csproj", "{A694990B-D566-4894-9323-C12A1DBB72BA}"
EndProject
Project("{FAE04EC0-301F-11D3-BF4B-00C04F79EFBC}") = "Taqsim.Shared.Clients.Epos", "src\Taqsim.Shared.Clients.Epos\Taqsim.Shared.Clients.Epos.csproj", "{F190904C-A1E8-4DC3-8B17-F7CF2BC90469}"
EndProject
Project("{FAE04EC0-301F-11D3-BF4B-00C04F79EFBC}") = "Taqsim.Shared.Models", "src\Taqsim.Shared.Models\Taqsim.Shared.Models.csproj", "{7145FD66-BA9E-4E99-A68A-315E5878A656}"
EndProject
Project("{FAE04EC0-301F-11D3-BF4B-00C04F79EFBC}") = "Taqsim.Shared.Entities", "src\Taqsim.Shared.Entities\Taqsim.Shared.Entities.csproj", "{C16555C3-37B6-405C-9A44-AD712ECF43C1}"
EndProject
Global
	GlobalSection(SolutionConfigurationPlatforms) = preSolution
		Debug|Any CPU = Debug|Any CPU
		Release|Any CPU = Release|Any CPU
	EndGlobalSection
	GlobalSection(SolutionProperties) = preSolution
		HideSolutionNode = FALSE
	EndGlobalSection
	GlobalSection(ProjectConfigurationPlatforms) = postSolution
		{1253F787-890B-48E1-A56E-243CCCDDD765}.Debug|Any CPU.ActiveCfg = Debug|Any CPU
		{1253F787-890B-48E1-A56E-243CCCDDD765}.Debug|Any CPU.Build.0 = Debug|Any CPU
		{1253F787-890B-48E1-A56E-243CCCDDD765}.Release|Any CPU.ActiveCfg = Release|Any CPU
		{1253F787-890B-48E1-A56E-243CCCDDD765}.Release|Any CPU.Build.0 = Release|Any CPU
		{A5B4B57E-4650-4A98-9E6D-A7C4E6BFF2DD}.Debug|Any CPU.ActiveCfg = Debug|Any CPU
		{A5B4B57E-4650-4A98-9E6D-A7C4E6BFF2DD}.Debug|Any CPU.Build.0 = Debug|Any CPU
		{A5B4B57E-4650-4A98-9E6D-A7C4E6BFF2DD}.Release|Any CPU.ActiveCfg = Release|Any CPU
		{A5B4B57E-4650-4A98-9E6D-A7C4E6BFF2DD}.Release|Any CPU.Build.0 = Release|Any CPU
		{5F379971-4AA3-46BA-A9DD-509BBF4B7A25}.Debug|Any CPU.ActiveCfg = Debug|Any CPU
		{5F379971-4AA3-46BA-A9DD-509BBF4B7A25}.Debug|Any CPU.Build.0 = Debug|Any CPU
		{5F379971-4AA3-46BA-A9DD-509BBF4B7A25}.Release|Any CPU.ActiveCfg = Release|Any CPU
		{5F379971-4AA3-46BA-A9DD-509BBF4B7A25}.Release|Any CPU.Build.0 = Release|Any CPU
		{A2DE8047-2E5E-45DF-B0A6-8EF15BEADEAF}.Debug|Any CPU.ActiveCfg = Debug|Any CPU
		{A2DE8047-2E5E-45DF-B0A6-8EF15BEADEAF}.Debug|Any CPU.Build.0 = Debug|Any CPU
		{A2DE8047-2E5E-45DF-B0A6-8EF15BEADEAF}.Release|Any CPU.ActiveCfg = Release|Any CPU
		{A2DE8047-2E5E-45DF-B0A6-8EF15BEADEAF}.Release|Any CPU.Build.0 = Release|Any CPU
		{828B5D28-63D1-4B37-98F4-C4F744E4B1B5}.Debug|Any CPU.ActiveCfg = Debug|Any CPU
		{828B5D28-63D1-4B37-98F4-C4F744E4B1B5}.Debug|Any CPU.Build.0 = Debug|Any CPU
		{828B5D28-63D1-4B37-98F4-C4F744E4B1B5}.Release|Any CPU.ActiveCfg = Release|Any CPU
		{828B5D28-63D1-4B37-98F4-C4F744E4B1B5}.Release|Any CPU.Build.0 = Release|Any CPU
		{63D5AC94-D7C6-4370-B6F7-5BFB00D2F5A9}.Debug|Any CPU.ActiveCfg = Debug|Any CPU
		{63D5AC94-D7C6-4370-B6F7-5BFB00D2F5A9}.Debug|Any CPU.Build.0 = Debug|Any CPU
		{63D5AC94-D7C6-4370-B6F7-5BFB00D2F5A9}.Release|Any CPU.ActiveCfg = Release|Any CPU
		{63D5AC94-D7C6-4370-B6F7-5BFB00D2F5A9}.Release|Any CPU.Build.0 = Release|Any CPU
		{CE08871A-6EEB-4275-9460-FC32A2A18B01}.Debug|Any CPU.ActiveCfg = Debug|Any CPU
		{CE08871A-6EEB-4275-9460-FC32A2A18B01}.Debug|Any CPU.Build.0 = Debug|Any CPU
		{CE08871A-6EEB-4275-9460-FC32A2A18B01}.Release|Any CPU.ActiveCfg = Release|Any CPU
		{CE08871A-6EEB-4275-9460-FC32A2A18B01}.Release|Any CPU.Build.0 = Release|Any CPU
		{A694990B-D566-4894-9323-C12A1DBB72BA}.Debug|Any CPU.ActiveCfg = Debug|Any CPU
		{A694990B-D566-4894-9323-C12A1DBB72BA}.Debug|Any CPU.Build.0 = Debug|Any CPU
		{A694990B-D566-4894-9323-C12A1DBB72BA}.Release|Any CPU.ActiveCfg = Release|Any CPU
		{A694990B-D566-4894-9323-C12A1DBB72BA}.Release|Any CPU.Build.0 = Release|Any CPU
		{F190904C-A1E8-4DC3-8B17-F7CF2BC90469}.Debug|Any CPU.ActiveCfg = Debug|Any CPU
		{F190904C-A1E8-4DC3-8B17-F7CF2BC90469}.Debug|Any CPU.Build.0 = Debug|Any CPU
		{F190904C-A1E8-4DC3-8B17-F7CF2BC90469}.Release|Any CPU.ActiveCfg = Release|Any CPU
		{F190904C-A1E8-4DC3-8B17-F7CF2BC90469}.Release|Any CPU.Build.0 = Release|Any CPU
		{7145FD66-BA9E-4E99-A68A-315E5878A656}.Debug|Any CPU.ActiveCfg = Debug|Any CPU
		{7145FD66-BA9E-4E99-A68A-315E5878A656}.Debug|Any CPU.Build.0 = Debug|Any CPU
		{7145FD66-BA9E-4E99-A68A-315E5878A656}.Release|Any CPU.ActiveCfg = Release|Any CPU
		{7145FD66-BA9E-4E99-A68A-315E5878A656}.Release|Any CPU.Build.0 = Release|Any CPU
		{C16555C3-37B6-405C-9A44-AD712ECF43C1}.Debug|Any CPU.ActiveCfg = Debug|Any CPU
		{C16555C3-37B6-405C-9A44-AD712ECF43C1}.Debug|Any CPU.Build.0 = Debug|Any CPU
		{C16555C3-37B6-405C-9A44-AD712ECF43C1}.Release|Any CPU.ActiveCfg = Release|Any CPU
		{C16555C3-37B6-405C-9A44-AD712ECF43C1}.Release|Any CPU.Build.0 = Release|Any CPU
	EndGlobalSection
	GlobalSection(NestedProjects) = preSolution
		{1253F787-890B-48E1-A56E-243CCCDDD765} = {9993D698-50CA-4712-BF9A-82A508396794}
		{A5B4B57E-4650-4A98-9E6D-A7C4E6BFF2DD} = {9993D698-50CA-4712-BF9A-82A508396794}
		{5F379971-4AA3-46BA-A9DD-509BBF4B7A25} = {9993D698-50CA-4712-BF9A-82A508396794}
		{A2DE8047-2E5E-45DF-B0A6-8EF15BEADEAF} = {9993D698-50CA-4712-BF9A-82A508396794}
		{828B5D28-63D1-4B37-98F4-C4F744E4B1B5} = {9993D698-50CA-4712-BF9A-82A508396794}
		{63D5AC94-D7C6-4370-B6F7-5BFB00D2F5A9} = {9993D698-50CA-4712-BF9A-82A508396794}
		{CE08871A-6EEB-4275-9460-FC32A2A18B01} = {9993D698-50CA-4712-BF9A-82A508396794}
		{A694990B-D566-4894-9323-C12A1DBB72BA} = {9993D698-50CA-4712-BF9A-82A508396794}
		{F190904C-A1E8-4DC3-8B17-F7CF2BC90469} = {9993D698-50CA-4712-BF9A-82A508396794}
		{7145FD66-BA9E-4E99-A68A-315E5878A656} = {9993D698-50CA-4712-BF9A-82A508396794}
		{C16555C3-37B6-405C-9A44-AD712ECF43C1} = {9993D698-50CA-4712-BF9A-82A508396794}
	EndGlobalSection
EndGlobal
